
Microsoft Visual Studio Solution File, Format Version 12.00
# Visual Studio Version 16
VisualStudioVersion = 16.0.31025.194
MinimumVisualStudioVersion = 10.0.40219.1
Project("{2150E333-8FDC-42A3-9474-1A3956D46DE8}") = "src", "src", "{AD05FE6F-5A18-40F3-AF55-D473FA6A9E83}"
EndProject
Project("{FAE04EC0-301F-11D3-BF4B-00C04F79EFBC}") = "Api", "Api\Api.csproj", "{B08E077F-C7FB-4447-9CE5-6CDADD1E3BD0}"
EndProject
Global
	GlobalSection(SolutionConfigurationPlatforms) = preSolution
		Debug|Any CPU = Debug|Any CPU
		Release|Any CPU = Release|Any CPU
	EndGlobalSection
	GlobalSection(ProjectConfigurationPlatforms) = postSolution
		{B08E077F-C7FB-4447-9CE5-6CDADD1E3BD0}.Debug|Any CPU.ActiveCfg = Debug|Any CPU
		{B08E077F-C7FB-4447-9CE5-6CDADD1E3BD0}.Debug|Any CPU.Build.0 = Debug|Any CPU
		{B08E077F-C7FB-4447-9CE5-6CDADD1E3BD0}.Release|Any CPU.ActiveCfg = Release|Any CPU
		{B08E077F-C7FB-4447-9CE5-6CDADD1E3BD0}.Release|Any CPU.Build.0 = Release|Any CPU
	EndGlobalSection
	GlobalSection(SolutionProperties) = preSolution
		HideSolutionNode = FALSE
	EndGlobalSection
	GlobalSection(NestedProjects) = preSolution
		{B08E077F-C7FB-4447-9CE5-6CDADD1E3BD0} = {AD05FE6F-5A18-40F3-AF55-D473FA6A9E83}
	EndGlobalSection
	GlobalSection(ExtensibilityGlobals) = postSolution
		SolutionGuid = {7D93FD54-7278-4646-94C1-B3ED6A49511A}
	EndGlobalSection
EndGlobal
